
Microsoft Visual Studio Solution File, Format Version 12.00
# Visual Studio Version 17
VisualStudioVersion = 17.1.32407.343
MinimumVisualStudioVersion = 10.0.40219.1
Project("{FAE04EC0-301F-11D3-BF4B-00C04F79EFBC}") = "Day15-PracticeProblem", "Day15-PracticeProblem.csproj", "{FCC96D3D-0EE5-45CE-B66D-BE160D3F6B7A}"
EndProject
Global
	GlobalSection(SolutionConfigurationPlatforms) = preSolution
		Debug|Any CPU = Debug|Any CPU
		Release|Any CPU = Release|Any CPU
	EndGlobalSection
	GlobalSection(ProjectConfigurationPlatforms) = postSolution
		{FCC96D3D-0EE5-45CE-B66D-BE160D3F6B7A}.Debug|Any CPU.ActiveCfg = Debug|Any CPU
		{FCC96D3D-0EE5-45CE-B66D-BE160D3F6B7A}.Debug|Any CPU.Build.0 = Debug|Any CPU
		{FCC96D3D-0EE5-45CE-B66D-BE160D3F6B7A}.Release|Any CPU.ActiveCfg = Release|Any CPU
		{FCC96D3D-0EE5-45CE-B66D-BE160D3F6B7A}.Release|Any CPU.Build.0 = Release|Any CPU
	EndGlobalSection
	GlobalSection(SolutionProperties) = preSolution
		HideSolutionNode = FALSE
	EndGlobalSection
	GlobalSection(ExtensibilityGlobals) = postSolution
		SolutionGuid = {CD2476A6-47C0-4E86-BE52-39E58A62608E}
	EndGlobalSection
EndGlobal
